// !$*UTF8*$!
{
	archiveVersion = 1;
	classes = {
	};
	objectVersion = 50;
	objects = {

/* Begin PBXBuildFile section */
		000604E9213550C8005D2AC9 /* AppDelegate.swift in Sources */ = {isa = PBXBuildFile; fileRef = 000604E8213550C8005D2AC9 /* AppDelegate.swift */; };
		000604EB213550C8005D2AC9 /* ViewController.swift in Sources */ = {isa = PBXBuildFile; fileRef = 000604EA213550C8005D2AC9 /* ViewController.swift */; };
		000604EE213550C8005D2AC9 /* Main.storyboard in Resources */ = {isa = PBXBuildFile; fileRef = 000604EC213550C8005D2AC9 /* Main.storyboard */; };
		000604F0213550CA005D2AC9 /* Assets.xcassets in Resources */ = {isa = PBXBuildFile; fileRef = 000604EF213550CA005D2AC9 /* Assets.xcassets */; };
		000604F3213550CA005D2AC9 /* LaunchScreen.storyboard in Resources */ = {isa = PBXBuildFile; fileRef = 000604F1213550CA005D2AC9 /* LaunchScreen.storyboard */; };
		000604FE213550CA005D2AC9 /* WWAnimationUITests.swift in Sources */ = {isa = PBXBuildFile; fileRef = 000604FD213550CA005D2AC9 /* WWAnimationUITests.swift */; };
		0006050B21355153005D2AC9 /* WWIndefiniteAnimatedView.swift in Sources */ = {isa = PBXBuildFile; fileRef = 0006050A21355153005D2AC9 /* WWIndefiniteAnimatedView.swift */; };
		005618452136708000DDF16A /* WWProgressAnimatedView.swift in Sources */ = {isa = PBXBuildFile; fileRef = 005618442136708000DDF16A /* WWProgressAnimatedView.swift */; };
		00A3BC382136830F001E83DB /* MWBezierCurveView.swift in Sources */ = {isa = PBXBuildFile; fileRef = 00A3BC372136830F001E83DB /* MWBezierCurveView.swift */; };
		4A0BCF682148406D00425649 /* WWRotateView.swift in Sources */ = {isa = PBXBuildFile; fileRef = 4A0BCF672148406D00425649 /* WWRotateView.swift */; };
		4A0BCF6A2148439600425649 /* WWRotateProgressAnimationView.swift in Sources */ = {isa = PBXBuildFile; fileRef = 4A0BCF692148439600425649 /* WWRotateProgressAnimationView.swift */; };
		4A132F7A213FCCAB001A6D39 /* WWLineProgress.swift in Sources */ = {isa = PBXBuildFile; fileRef = 4A132F79213FCCAB001A6D39 /* WWLineProgress.swift */; };
		4A132F7D213FCDCE001A6D39 /* MWProgressBar.xib in Resources */ = {isa = PBXBuildFile; fileRef = 4A132F7B213FCDCE001A6D39 /* MWProgressBar.xib */; };
		4A132F7E213FCDCE001A6D39 /* MWProgressBar.swift in Sources */ = {isa = PBXBuildFile; fileRef = 4A132F7C213FCDCE001A6D39 /* MWProgressBar.swift */; };
		4A13B45F2141309F00FFA15D /* WWLineGradientProgress.swift in Sources */ = {isa = PBXBuildFile; fileRef = 4A13B45E2141309F00FFA15D /* WWLineGradientProgress.swift */; };
		4A13B4612141312400FFA15D /* WWBaseView.swift in Sources */ = {isa = PBXBuildFile; fileRef = 4A13B4602141312400FFA15D /* WWBaseView.swift */; };
		4A33B9C8214251F200C92FB5 /* WWLoadingController.swift in Sources */ = {isa = PBXBuildFile; fileRef = 4A33B9C7214251F200C92FB5 /* WWLoadingController.swift */; };
		4A7BAFBE213D3C3200592FF5 /* WWRadarView.swift in Sources */ = {isa = PBXBuildFile; fileRef = 4A7BAFBD213D3C3200592FF5 /* WWRadarView.swift */; };
		4A7BAFC0213E25AF00592FF5 /* EmitterZanView.swift in Sources */ = {isa = PBXBuildFile; fileRef = 4A7BAFBF213E25AF00592FF5 /* EmitterZanView.swift */; };
		4A83F3EF214B575000ADEA82 /* ActivityIndicatorShape.swift in Sources */ = {isa = PBXBuildFile; fileRef = 4A83F3EE214B575000ADEA82 /* ActivityIndicatorShape.swift */; };
		4A83F3F1214B587B00ADEA82 /* WWActivityIndicatorAnimationLineScaleView.swift in Sources */ = {isa = PBXBuildFile; fileRef = 4A83F3F0214B587B00ADEA82 /* WWActivityIndicatorAnimationLineScaleView.swift */; };
		4AC73D2C213FB40300131192 /* WWMusicLoadingView.swift in Sources */ = {isa = PBXBuildFile; fileRef = 4AC73D2B213FB40300131192 /* WWMusicLoadingView.swift */; };
/* End PBXBuildFile section */

/* Begin PBXContainerItemProxy section */
		000604FA213550CA005D2AC9 /* PBXContainerItemProxy */ = {
			isa = PBXContainerItemProxy;
			containerPortal = 000604DD213550C8005D2AC9 /* Project object */;
			proxyType = 1;
			remoteGlobalIDString = 000604E4213550C8005D2AC9;
			remoteInfo = WWAnimation;
		};
/* End PBXContainerItemProxy section */

/* Begin PBXFileReference section */
		000604E5213550C8005D2AC9 /* WWAnimation.app */ = {isa = PBXFileReference; explicitFileType = wrapper.application; includeInIndex = 0; path = WWAnimation.app; sourceTree = BUILT_PRODUCTS_DIR; };
		000604E8213550C8005D2AC9 /* AppDelegate.swift */ = {isa = PBXFileReference; lastKnownFileType = sourcecode.swift; path = AppDelegate.swift; sourceTree = "<group>"; };
		000604EA213550C8005D2AC9 /* ViewController.swift */ = {isa = PBXFileReference; lastKnownFileType = sourcecode.swift; path = ViewController.swift; sourceTree = "<group>"; };
		000604ED213550C8005D2AC9 /* Base */ = {isa = PBXFileReference; lastKnownFileType = file.storyboard; name = Base; path = Base.lproj/Main.storyboard; sourceTree = "<group>"; };
		000604EF213550CA005D2AC9 /* Assets.xcassets */ = {isa = PBXFileReference; lastKnownFileType = folder.assetcatalog; path = Assets.xcassets; sourceTree = "<group>"; };
		000604F2213550CA005D2AC9 /* Base */ = {isa = PBXFileReference; lastKnownFileType = file.storyboard; name = Base; path = Base.lproj/LaunchScreen.storyboard; sourceTree = "<group>"; };
		000604F4213550CA005D2AC9 /* Info.plist */ = {isa = PBXFileReference; lastKnownFileType = text.plist.xml; path = Info.plist; sourceTree = "<group>"; };
		000604F9213550CA005D2AC9 /* WWAnimationUITests.xctest */ = {isa = PBXFileReference; explicitFileType = wrapper.cfbundle; includeInIndex = 0; path = WWAnimationUITests.xctest; sourceTree = BUILT_PRODUCTS_DIR; };
		000604FD213550CA005D2AC9 /* WWAnimationUITests.swift */ = {isa = PBXFileReference; lastKnownFileType = sourcecode.swift; path = WWAnimationUITests.swift; sourceTree = "<group>"; };
		000604FF213550CA005D2AC9 /* Info.plist */ = {isa = PBXFileReference; lastKnownFileType = text.plist.xml; path = Info.plist; sourceTree = "<group>"; };
		0006050A21355153005D2AC9 /* WWIndefiniteAnimatedView.swift */ = {isa = PBXFileReference; lastKnownFileType = sourcecode.swift; path = WWIndefiniteAnimatedView.swift; sourceTree = "<group>"; };
		005618442136708000DDF16A /* WWProgressAnimatedView.swift */ = {isa = PBXFileReference; lastKnownFileType = sourcecode.swift; path = WWProgressAnimatedView.swift; sourceTree = "<group>"; };
		00A3BC372136830F001E83DB /* MWBezierCurveView.swift */ = {isa = PBXFileReference; fileEncoding = 4; lastKnownFileType = sourcecode.swift; path = MWBezierCurveView.swift; sourceTree = "<group>"; };
		4A0BCF672148406D00425649 /* WWRotateView.swift */ = {isa = PBXFileReference; lastKnownFileType = sourcecode.swift; path = WWRotateView.swift; sourceTree = "<group>"; };
		4A0BCF692148439600425649 /* WWRotateProgressAnimationView.swift */ = {isa = PBXFileReference; lastKnownFileType = sourcecode.swift; path = WWRotateProgressAnimationView.swift; sourceTree = "<group>"; };
		4A132F79213FCCAB001A6D39 /* WWLineProgress.swift */ = {isa = PBXFileReference; lastKnownFileType = sourcecode.swift; path = WWLineProgress.swift; sourceTree = "<group>"; };
		4A132F7B213FCDCE001A6D39 /* MWProgressBar.xib */ = {isa = PBXFileReference; fileEncoding = 4; lastKnownFileType = file.xib; path = MWProgressBar.xib; sourceTree = "<group>"; };
		4A132F7C213FCDCE001A6D39 /* MWProgressBar.swift */ = {isa = PBXFileReference; fileEncoding = 4; lastKnownFileType = sourcecode.swift; path = MWProgressBar.swift; sourceTree = "<group>"; };
		4A13B45E2141309F00FFA15D /* WWLineGradientProgress.swift */ = {isa = PBXFileReference; lastKnownFileType = sourcecode.swift; path = WWLineGradientProgress.swift; sourceTree = "<group>"; };
		4A13B4602141312400FFA15D /* WWBaseView.swift */ = {isa = PBXFileReference; lastKnownFileType = sourcecode.swift; path = WWBaseView.swift; sourceTree = "<group>"; };
		4A33B9C7214251F200C92FB5 /* WWLoadingController.swift */ = {isa = PBXFileReference; lastKnownFileType = sourcecode.swift; path = WWLoadingController.swift; sourceTree = "<group>"; };
		4A7BAFBD213D3C3200592FF5 /* WWRadarView.swift */ = {isa = PBXFileReference; lastKnownFileType = sourcecode.swift; path = WWRadarView.swift; sourceTree = "<group>"; };
		4A7BAFBF213E25AF00592FF5 /* EmitterZanView.swift */ = {isa = PBXFileReference; lastKnownFileType = sourcecode.swift; path = EmitterZanView.swift; sourceTree = "<group>"; };
		4A83F3EE214B575000ADEA82 /* ActivityIndicatorShape.swift */ = {isa = PBXFileReference; lastKnownFileType = sourcecode.swift; path = ActivityIndicatorShape.swift; sourceTree = "<group>"; };
		4A83F3F0214B587B00ADEA82 /* WWActivityIndicatorAnimationLineScaleView.swift */ = {isa = PBXFileReference; lastKnownFileType = sourcecode.swift; path = WWActivityIndicatorAnimationLineScaleView.swift; sourceTree = "<group>"; };
		4AC73D2B213FB40300131192 /* WWMusicLoadingView.swift */ = {isa = PBXFileReference; lastKnownFileType = sourcecode.swift; path = WWMusicLoadingView.swift; sourceTree = "<group>"; };
/* End PBXFileReference section */

/* Begin PBXFrameworksBuildPhase section */
		000604E2213550C8005D2AC9 /* Frameworks */ = {
			isa = PBXFrameworksBuildPhase;
			buildActionMask = 2147483647;
			files = (
			);
			runOnlyForDeploymentPostprocessing = 0;
		};
		000604F6213550CA005D2AC9 /* Frameworks */ = {
			isa = PBXFrameworksBuildPhase;
			buildActionMask = 2147483647;
			files = (
			);
			runOnlyForDeploymentPostprocessing = 0;
		};
/* End PBXFrameworksBuildPhase section */

/* Begin PBXGroup section */
		000604DC213550C8005D2AC9 = {
			isa = PBXGroup;
			children = (
				000604E7213550C8005D2AC9 /* WWAnimation */,
				000604FC213550CA005D2AC9 /* WWAnimationUITests */,
				000604E6213550C8005D2AC9 /* Products */,
			);
			sourceTree = "<group>";
		};
		000604E6213550C8005D2AC9 /* Products */ = {
			isa = PBXGroup;
			children = (
				000604E5213550C8005D2AC9 /* WWAnimation.app */,
				000604F9213550CA005D2AC9 /* WWAnimationUITests.xctest */,
			);
			name = Products;
			sourceTree = "<group>";
		};
		000604E7213550C8005D2AC9 /* WWAnimation */ = {
			isa = PBXGroup;
			children = (
				4A83F3EE214B575000ADEA82 /* ActivityIndicatorShape.swift */,
				0006050A21355153005D2AC9 /* WWIndefiniteAnimatedView.swift */,
				005618442136708000DDF16A /* WWProgressAnimatedView.swift */,
				4A7BAFBD213D3C3200592FF5 /* WWRadarView.swift */,
				4A0BCF672148406D00425649 /* WWRotateView.swift */,
				4A0BCF692148439600425649 /* WWRotateProgressAnimationView.swift */,
				4AC73D2B213FB40300131192 /* WWMusicLoadingView.swift */,
				4A13B4602141312400FFA15D /* WWBaseView.swift */,
				4A132F7C213FCDCE001A6D39 /* MWProgressBar.swift */,
				4A132F7B213FCDCE001A6D39 /* MWProgressBar.xib */,
				000604E8213550C8005D2AC9 /* AppDelegate.swift */,
				000604EA213550C8005D2AC9 /* ViewController.swift */,
				000604EC213550C8005D2AC9 /* Main.storyboard */,
				000604EF213550CA005D2AC9 /* Assets.xcassets */,
				000604F1213550CA005D2AC9 /* LaunchScreen.storyboard */,
				000604F4213550CA005D2AC9 /* Info.plist */,
				00A3BC372136830F001E83DB /* MWBezierCurveView.swift */,
				4A7BAFBF213E25AF00592FF5 /* EmitterZanView.swift */,
				4A132F79213FCCAB001A6D39 /* WWLineProgress.swift */,
				4A13B45E2141309F00FFA15D /* WWLineGradientProgress.swift */,
				4A33B9C7214251F200C92FB5 /* WWLoadingController.swift */,
				4A83F3F0214B587B00ADEA82 /* WWActivityIndicatorAnimationLineScaleView.swift */,
			);
			path = WWAnimation;
			sourceTree = "<group>";
		};
		000604FC213550CA005D2AC9 /* WWAnimationUITests */ = {
			isa = PBXGroup;
			children = (
				000604FD213550CA005D2AC9 /* WWAnimationUITests.swift */,
				000604FF213550CA005D2AC9 /* Info.plist */,
			);
			path = WWAnimationUITests;
			sourceTree = "<group>";
		};
/* End PBXGroup section */

/* Begin PBXNativeTarget section */
		000604E4213550C8005D2AC9 /* WWAnimation */ = {
			isa = PBXNativeTarget;
			buildConfigurationList = 00060502213550CA005D2AC9 /* Build configuration list for PBXNativeTarget "WWAnimation" */;
			buildPhases = (
				000604E1213550C8005D2AC9 /* Sources */,
				000604E2213550C8005D2AC9 /* Frameworks */,
				000604E3213550C8005D2AC9 /* Resources */,
			);
			buildRules = (
			);
			dependencies = (
			);
			name = WWAnimation;
			productName = WWAnimation;
			productReference = 000604E5213550C8005D2AC9 /* WWAnimation.app */;
			productType = "com.apple.product-type.application";
		};
		000604F8213550CA005D2AC9 /* WWAnimationUITests */ = {
			isa = PBXNativeTarget;
			buildConfigurationList = 00060505213550CA005D2AC9 /* Build configuration list for PBXNativeTarget "WWAnimationUITests" */;
			buildPhases = (
				000604F5213550CA005D2AC9 /* Sources */,
				000604F6213550CA005D2AC9 /* Frameworks */,
				000604F7213550CA005D2AC9 /* Resources */,
			);
			buildRules = (
			);
			dependencies = (
				000604FB213550CA005D2AC9 /* PBXTargetDependency */,
			);
			name = WWAnimationUITests;
			productName = WWAnimationUITests;
			productReference = 000604F9213550CA005D2AC9 /* WWAnimationUITests.xctest */;
			productType = "com.apple.product-type.bundle.ui-testing";
		};
/* End PBXNativeTarget section */

/* Begin PBXProject section */
		000604DD213550C8005D2AC9 /* Project object */ = {
			isa = PBXProject;
			attributes = {
				LastSwiftUpdateCheck = 0940;
				LastUpgradeCheck = 0940;
				ORGANIZATIONNAME = "王大吉";
				TargetAttributes = {
					000604E4213550C8005D2AC9 = {
						CreatedOnToolsVersion = 9.4.1;
					};
					000604F8213550CA005D2AC9 = {
						CreatedOnToolsVersion = 9.4.1;
						TestTargetID = 000604E4213550C8005D2AC9;
					};
				};
			};
			buildConfigurationList = 000604E0213550C8005D2AC9 /* Build configuration list for PBXProject "WWAnimation" */;
			compatibilityVersion = "Xcode 9.3";
			developmentRegion = en;
			hasScannedForEncodings = 0;
			knownRegions = (
				en,
				Base,
			);
			mainGroup = 000604DC213550C8005D2AC9;
			productRefGroup = 000604E6213550C8005D2AC9 /* Products */;
			projectDirPath = "";
			projectRoot = "";
			targets = (
				000604E4213550C8005D2AC9 /* WWAnimation */,
				000604F8213550CA005D2AC9 /* WWAnimationUITests */,
			);
		};
/* End PBXProject section */

/* Begin PBXResourcesBuildPhase section */
		000604E3213550C8005D2AC9 /* Resources */ = {
			isa = PBXResourcesBuildPhase;
			buildActionMask = 2147483647;
			files = (
				4A132F7D213FCDCE001A6D39 /* MWProgressBar.xib in Resources */,
				000604F3213550CA005D2AC9 /* LaunchScreen.storyboard in Resources */,
				000604F0213550CA005D2AC9 /* Assets.xcassets in Resources */,
				000604EE213550C8005D2AC9 /* Main.storyboard in Resources */,
			);
			runOnlyForDeploymentPostprocessing = 0;
		};
		000604F7213550CA005D2AC9 /* Resources */ = {
			isa = PBXResourcesBuildPhase;
			buildActionMask = 2147483647;
			files = (
			);
			runOnlyForDeploymentPostprocessing = 0;
		};
/* End PBXResourcesBuildPhase section */

/* Begin PBXSourcesBuildPhase section */
		000604E1213550C8005D2AC9 /* Sources */ = {
			isa = PBXSourcesBuildPhase;
			buildActionMask = 2147483647;
			files = (
				00A3BC382136830F001E83DB /* MWBezierCurveView.swift in Sources */,
				4A7BAFC0213E25AF00592FF5 /* EmitterZanView.swift in Sources */,
				4A0BCF6A2148439600425649 /* WWRotateProgressAnimationView.swift in Sources */,
				4A7BAFBE213D3C3200592FF5 /* WWRadarView.swift in Sources */,
				005618452136708000DDF16A /* WWProgressAnimatedView.swift in Sources */,
				4A83F3EF214B575000ADEA82 /* ActivityIndicatorShape.swift in Sources */,
				4A33B9C8214251F200C92FB5 /* WWLoadingController.swift in Sources */,
				000604EB213550C8005D2AC9 /* ViewController.swift in Sources */,
				4A13B45F2141309F00FFA15D /* WWLineGradientProgress.swift in Sources */,
				4AC73D2C213FB40300131192 /* WWMusicLoadingView.swift in Sources */,
				0006050B21355153005D2AC9 /* WWIndefiniteAnimatedView.swift in Sources */,
				000604E9213550C8005D2AC9 /* AppDelegate.swift in Sources */,
				4A132F7E213FCDCE001A6D39 /* MWProgressBar.swift in Sources */,
				4A132F7A213FCCAB001A6D39 /* WWLineProgress.swift in Sources */,
				4A13B4612141312400FFA15D /* WWBaseView.swift in Sources */,
				4A0BCF682148406D00425649 /* WWRotateView.swift in Sources */,
				4A83F3F1214B587B00ADEA82 /* WWActivityIndicatorAnimationLineScaleView.swift in Sources */,
			);
			runOnlyForDeploymentPostprocessing = 0;
		};
		000604F5213550CA005D2AC9 /* Sources */ = {
			isa = PBXSourcesBuildPhase;
			buildActionMask = 2147483647;
			files = (
				000604FE213550CA005D2AC9 /* WWAnimationUITests.swift in Sources */,
			);
			runOnlyForDeploymentPostprocessing = 0;
		};
/* End PBXSourcesBuildPhase section */

/* Begin PBXTargetDependency section */
		000604FB213550CA005D2AC9 /* PBXTargetDependency */ = {
			isa = PBXTargetDependency;
			target = 000604E4213550C8005D2AC9 /* WWAnimation */;
			targetProxy = 000604FA213550CA005D2AC9 /* PBXContainerItemProxy */;
		};
/* End PBXTargetDependency section */

/* Begin PBXVariantGroup section */
		000604EC213550C8005D2AC9 /* Main.storyboard */ = {
			isa = PBXVariantGroup;
			children = (
				000604ED213550C8005D2AC9 /* Base */,
			);
			name = Main.storyboard;
			sourceTree = "<group>";
		};
		000604F1213550CA005D2AC9 /* LaunchScreen.storyboard */ = {
			isa = PBXVariantGroup;
			children = (
				000604F2213550CA005D2AC9 /* Base */,
			);
			name = LaunchScreen.storyboard;
			sourceTree = "<group>";
		};
/* End PBXVariantGroup section */

/* Begin XCBuildConfiguration section */
		00060500213550CA005D2AC9 /* Debug */ = {
			isa = XCBuildConfiguration;
			buildSettings = {
				ALWAYS_SEARCH_USER_PATHS = NO;
				CLANG_ANALYZER_NONNULL = YES;
				CLANG_ANALYZER_NUMBER_OBJECT_CONVERSION = YES_AGGRESSIVE;
				CLANG_CXX_LANGUAGE_STANDARD = "gnu++14";
				CLANG_CXX_LIBRARY = "libc++";
				CLANG_ENABLE_MODULES = YES;
				CLANG_ENABLE_OBJC_ARC = YES;
				CLANG_ENABLE_OBJC_WEAK = YES;
				CLANG_WARN_BLOCK_CAPTURE_AUTORELEASING = YES;
				CLANG_WARN_BOOL_CONVERSION = YES;
				CLANG_WARN_COMMA = YES;
				CLANG_WARN_CONSTANT_CONVERSION = YES;
				CLANG_WARN_DEPRECATED_OBJC_IMPLEMENTATIONS = YES;
				CLANG_WARN_DIRECT_OBJC_ISA_USAGE = YES_ERROR;
				CLANG_WARN_DOCUMENTATION_COMMENTS = YES;
				CLANG_WARN_EMPTY_BODY = YES;
				CLANG_WARN_ENUM_CONVERSION = YES;
				CLANG_WARN_INFINITE_RECURSION = YES;
				CLANG_WARN_INT_CONVERSION = YES;
				CLANG_WARN_NON_LITERAL_NULL_CONVERSION = YES;
				CLANG_WARN_OBJC_IMPLICIT_RETAIN_SELF = YES;
				CLANG_WARN_OBJC_LITERAL_CONVERSION = YES;
				CLANG_WARN_OBJC_ROOT_CLASS = YES_ERROR;
				CLANG_WARN_RANGE_LOOP_ANALYSIS = YES;
				CLANG_WARN_STRICT_PROTOTYPES = YES;
				CLANG_WARN_SUSPICIOUS_MOVE = YES;
				CLANG_WARN_UNGUARDED_AVAILABILITY = YES_AGGRESSIVE;
				CLANG_WARN_UNREACHABLE_CODE = YES;
				CLANG_WARN__DUPLICATE_METHOD_MATCH = YES;
				CODE_SIGN_IDENTITY = "iPhone Developer";
				COPY_PHASE_STRIP = NO;
				DEBUG_INFORMATION_FORMAT = dwarf;
				ENABLE_STRICT_OBJC_MSGSEND = YES;
				ENABLE_TESTABILITY = YES;
				GCC_C_LANGUAGE_STANDARD = gnu11;
				GCC_DYNAMIC_NO_PIC = NO;
				GCC_NO_COMMON_BLOCKS = YES;
				GCC_OPTIMIZATION_LEVEL = 0;
				GCC_PREPROCESSOR_DEFINITIONS = (
					"DEBUG=1",
					"$(inherited)",
				);
				GCC_WARN_64_TO_32_BIT_CONVERSION = YES;
				GCC_WARN_ABOUT_RETURN_TYPE = YES_ERROR;
				GCC_WARN_UNDECLARED_SELECTOR = YES;
				GCC_WARN_UNINITIALIZED_AUTOS = YES_AGGRESSIVE;
				GCC_WARN_UNUSED_FUNCTION = YES;
				GCC_WARN_UNUSED_VARIABLE = YES;
				IPHONEOS_DEPLOYMENT_TARGET = 11.4;
				MTL_ENABLE_DEBUG_INFO = YES;
				ONLY_ACTIVE_ARCH = YES;
				SDKROOT = iphoneos;
				SWIFT_ACTIVE_COMPILATION_CONDITIONS = DEBUG;
				SWIFT_OPTIMIZATION_LEVEL = "-Onone";
			};
			name = Debug;
		};
		00060501213550CA005D2AC9 /* Release */ = {
			isa = XCBuildConfiguration;
			buildSettings = {
				ALWAYS_SEARCH_USER_PATHS = NO;
				CLANG_ANALYZER_NONNULL = YES;
				CLANG_ANALYZER_NUMBER_OBJECT_CONVERSION = YES_AGGRESSIVE;
				CLANG_CXX_LANGUAGE_STANDARD = "gnu++14";
				CLANG_CXX_LIBRARY = "libc++";
				CLANG_ENABLE_MODULES = YES;
				CLANG_ENABLE_OBJC_ARC = YES;
				CLANG_ENABLE_OBJC_WEAK = YES;
				CLANG_WARN_BLOCK_CAPTURE_AUTORELEASING = YES;
				CLANG_WARN_BOOL_CONVERSION = YES;
				CLANG_WARN_COMMA = YES;
				CLANG_WARN_CONSTANT_CONVERSION = YES;
				CLANG_WARN_DEPRECATED_OBJC_IMPLEMENTATIONS = YES;
				CLANG_WARN_DIRECT_OBJC_ISA_USAGE = YES_ERROR;
				CLANG_WARN_DOCUMENTATION_COMMENTS = YES;
				CLANG_WARN_EMPTY_BODY = YES;
				CLANG_WARN_ENUM_CONVERSION = YES;
				CLANG_WARN_INFINITE_RECURSION = YES;
				CLANG_WARN_INT_CONVERSION = YES;
				CLANG_WARN_NON_LITERAL_NULL_CONVERSION = YES;
				CLANG_WARN_OBJC_IMPLICIT_RETAIN_SELF = YES;
				CLANG_WARN_OBJC_LITERAL_CONVERSION = YES;
				CLANG_WARN_OBJC_ROOT_CLASS = YES_ERROR;
				CLANG_WARN_RANGE_LOOP_ANALYSIS = YES;
				CLANG_WARN_STRICT_PROTOTYPES = YES;
				CLANG_WARN_SUSPICIOUS_MOVE = YES;
				CLANG_WARN_UNGUARDED_AVAILABILITY = YES_AGGRESSIVE;
				CLANG_WARN_UNREACHABLE_CODE = YES;
				CLANG_WARN__DUPLICATE_METHOD_MATCH = YES;
				CODE_SIGN_IDENTITY = "iPhone Developer";
				COPY_PHASE_STRIP = NO;
				DEBUG_INFORMATION_FORMAT = "dwarf-with-dsym";
				ENABLE_NS_ASSERTIONS = NO;
				ENABLE_STRICT_OBJC_MSGSEND = YES;
				GCC_C_LANGUAGE_STANDARD = gnu11;
				GCC_NO_COMMON_BLOCKS = YES;
				GCC_WARN_64_TO_32_BIT_CONVERSION = YES;
				GCC_WARN_ABOUT_RETURN_TYPE = YES_ERROR;
				GCC_WARN_UNDECLARED_SELECTOR = YES;
				GCC_WARN_UNINITIALIZED_AUTOS = YES_AGGRESSIVE;
				GCC_WARN_UNUSED_FUNCTION = YES;
				GCC_WARN_UNUSED_VARIABLE = YES;
				IPHONEOS_DEPLOYMENT_TARGET = 11.4;
				MTL_ENABLE_DEBUG_INFO = NO;
				SDKROOT = iphoneos;
				SWIFT_COMPILATION_MODE = wholemodule;
				SWIFT_OPTIMIZATION_LEVEL = "-O";
				VALIDATE_PRODUCT = YES;
			};
			name = Release;
		};
		00060503213550CA005D2AC9 /* Debug */ = {
			isa = XCBuildConfiguration;
			buildSettings = {
				ASSETCATALOG_COMPILER_APPICON_NAME = AppIcon;
				CODE_SIGN_STYLE = Automatic;
				DEVELOPMENT_TEAM = PE79EJX2E2;
				INFOPLIST_FILE = WWAnimation/Info.plist;
				LD_RUNPATH_SEARCH_PATHS = (
					"$(inherited)",
					"@executable_path/Frameworks",
				);
				PRODUCT_BUNDLE_IDENTIFIER = com.wangwei.haha.WWAnimation;
				PRODUCT_NAME = "$(TARGET_NAME)";
				SWIFT_VERSION = 4.0;
				TARGETED_DEVICE_FAMILY = "1,2";
			};
			name = Debug;
		};
		00060504213550CA005D2AC9 /* Release */ = {
			isa = XCBuildConfiguration;
			buildSettings = {
				ASSETCATALOG_COMPILER_APPICON_NAME = AppIcon;
				CODE_SIGN_STYLE = Automatic;
				DEVELOPMENT_TEAM = PE79EJX2E2;
				INFOPLIST_FILE = WWAnimation/Info.plist;
				LD_RUNPATH_SEARCH_PATHS = (
					"$(inherited)",
					"@executable_path/Frameworks",
				);
				PRODUCT_BUNDLE_IDENTIFIER = com.wangwei.haha.WWAnimation;
				PRODUCT_NAME = "$(TARGET_NAME)";
				SWIFT_VERSION = 4.0;
				TARGETED_DEVICE_FAMILY = "1,2";
			};
			name = Release;
		};
		00060506213550CA005D2AC9 /* Debug */ = {
			isa = XCBuildConfiguration;
			buildSettings = {
				ALWAYS_EMBED_SWIFT_STANDARD_LIBRARIES = YES;
				CODE_SIGN_STYLE = Automatic;
				DEVELOPMENT_TEAM = PE79EJX2E2;
				INFOPLIST_FILE = WWAnimationUITests/Info.plist;
				LD_RUNPATH_SEARCH_PATHS = (
					"$(inherited)",
					"@executable_path/Frameworks",
					"@loader_path/Frameworks",
				);
				PRODUCT_BUNDLE_IDENTIFIER = com.wangwei.haha.WWAnimationUITests;
				PRODUCT_NAME = "$(TARGET_NAME)";
				SWIFT_VERSION = 4.0;
				TARGETED_DEVICE_FAMILY = "1,2";
				TEST_TARGET_NAME = WWAnimation;
			};
			name = Debug;
		};
		00060507213550CA005D2AC9 /* Release */ = {
			isa = XCBuildConfiguration;
			buildSettings = {
				ALWAYS_EMBED_SWIFT_STANDARD_LIBRARIES = YES;
				CODE_SIGN_STYLE = Automatic;
				DEVELOPMENT_TEAM = PE79EJX2E2;
				INFOPLIST_FILE = WWAnimationUITests/Info.plist;
				LD_RUNPATH_SEARCH_PATHS = (
					"$(inherited)",
					"@executable_path/Frameworks",
					"@loader_path/Frameworks",
				);
				PRODUCT_BUNDLE_IDENTIFIER = com.wangwei.haha.WWAnimationUITests;
				PRODUCT_NAME = "$(TARGET_NAME)";
				SWIFT_VERSION = 4.0;
				TARGETED_DEVICE_FAMILY = "1,2";
				TEST_TARGET_NAME = WWAnimation;
			};
			name = Release;
		};
/* End XCBuildConfiguration section */

/* Begin XCConfigurationList section */
		000604E0213550C8005D2AC9 /* Build configuration list for PBXProject "WWAnimation" */ = {
			isa = XCConfigurationList;
			buildConfigurations = (
				00060500213550CA005D2AC9 /* Debug */,
				00060501213550CA005D2AC9 /* Release */,
			);
			defaultConfigurationIsVisible = 0;
			defaultConfigurationName = Release;
		};
		00060502213550CA005D2AC9 /* Build configuration list for PBXNativeTarget "WWAnimation" */ = {
			isa = XCConfigurationList;
			buildConfigurations = (
				00060503213550CA005D2AC9 /* Debug */,
				00060504213550CA005D2AC9 /* Release */,
			);
			defaultConfigurationIsVisible = 0;
			defaultConfigurationName = Release;
		};
		00060505213550CA005D2AC9 /* Build configuration list for PBXNativeTarget "WWAnimationUITests" */ = {
			isa = XCConfigurationList;
			buildConfigurations = (
				00060506213550CA005D2AC9 /* Debug */,
				00060507213550CA005D2AC9 /* Release */,
			);
			defaultConfigurationIsVisible = 0;
			defaultConfigurationName = Release;
		};
/* End XCConfigurationList section */
	};
	rootObject = 000604DD213550C8005D2AC9 /* Project object */;
}
